
Microsoft Visual Studio Solution File, Format Version 12.00
# Visual Studio Version 17
VisualStudioVersion = 17.7.34003.232
MinimumVisualStudioVersion = 10.0.40219.1
Project("{9A19103F-16F7-4668-BE54-9A1E7A4F7556}") = "AplicacionWeb", "AplicacionWeb\AplicacionWeb.csproj", "{6DB51ED6-97DD-49F8-BA2E-602A9459B3DC}"
EndProject
Project("{9A19103F-16F7-4668-BE54-9A1E7A4F7556}") = "Modelos", "Modelos\Modelos.csproj", "{93190845-041F-4468-9A79-6713E5DDC46A}"
EndProject
Project("{FAE04EC0-301F-11D3-BF4B-00C04F79EFBC}") = "Service", "Service\Service.csproj", "{5F4BD6D4-B41C-4B22-AF45-858BC0B2044C}"
EndProject
Global
	GlobalSection(SolutionConfigurationPlatforms) = preSolution
		Debug|Any CPU = Debug|Any CPU
		Release|Any CPU = Release|Any CPU
	EndGlobalSection
	GlobalSection(ProjectConfigurationPlatforms) = postSolution
		{6DB51ED6-97DD-49F8-BA2E-602A9459B3DC}.Debug|Any CPU.ActiveCfg = Debug|Any CPU
		{6DB51ED6-97DD-49F8-BA2E-602A9459B3DC}.Debug|Any CPU.Build.0 = Debug|Any CPU
		{6DB51ED6-97DD-49F8-BA2E-602A9459B3DC}.Release|Any CPU.ActiveCfg = Release|Any CPU
		{6DB51ED6-97DD-49F8-BA2E-602A9459B3DC}.Release|Any CPU.Build.0 = Release|Any CPU
		{93190845-041F-4468-9A79-6713E5DDC46A}.Debug|Any CPU.ActiveCfg = Debug|Any CPU
		{93190845-041F-4468-9A79-6713E5DDC46A}.Debug|Any CPU.Build.0 = Debug|Any CPU
		{93190845-041F-4468-9A79-6713E5DDC46A}.Release|Any CPU.ActiveCfg = Release|Any CPU
		{93190845-041F-4468-9A79-6713E5DDC46A}.Release|Any CPU.Build.0 = Release|Any CPU
		{5F4BD6D4-B41C-4B22-AF45-858BC0B2044C}.Debug|Any CPU.ActiveCfg = Debug|Any CPU
		{5F4BD6D4-B41C-4B22-AF45-858BC0B2044C}.Debug|Any CPU.Build.0 = Debug|Any CPU
		{5F4BD6D4-B41C-4B22-AF45-858BC0B2044C}.Release|Any CPU.ActiveCfg = Release|Any CPU
		{5F4BD6D4-B41C-4B22-AF45-858BC0B2044C}.Release|Any CPU.Build.0 = Release|Any CPU
	EndGlobalSection
	GlobalSection(SolutionProperties) = preSolution
		HideSolutionNode = FALSE
	EndGlobalSection
	GlobalSection(ExtensibilityGlobals) = postSolution
		SolutionGuid = {BABF4ECA-DFEC-4D65-93A7-87A3A1024716}
	EndGlobalSection
EndGlobal
